{
  "version": 4,
  "terraform_version": "0.13.5",
  "serial": 88,
  "lineage": "55e7ea0c-4536-1686-6e93-d15ffbf787e4",
  "outputs": {},
  "resources": [
    {
      "module": "module.ec2[0]",
      "mode": "data",
      "type": "aws_availability_zones",
      "name": "all",
      "provider": "provider[\"registry.terraform.io/hashicorp/aws\"]",
      "instances": [
        {
          "schema_version": 0,
          "attributes": {
            "all_availability_zones": null,
            "exclude_names": null,
            "exclude_zone_ids": null,
            "filter": null,
            "group_names": [
              "eu-west-2"
            ],
            "id": "eu-west-2",
            "names": [
              "eu-west-2a",
              "eu-west-2b",
              "eu-west-2c"
            ],
            "state": null,
            "zone_ids": [
              "euw2-az2",
              "euw2-az3",
              "euw2-az1"
            ]
          }
        }
      ]
    },
    {
      "module": "module.ec2[0]",
      "mode": "managed",
      "type": "aws_instance",
      "name": "DevInstanceAWS",
      "provider": "provider[\"registry.terraform.io/hashicorp/aws\"]",
      "instances": [
        {
          "index_key": 0,
          "schema_version": 1,
          "attributes": {
            "ami": "ami-09b89ad3c5769cca2",
            "arn": "arn:aws:ec2:eu-west-2:538215634837:instance/i-0502715bd01fcc3c7",
            "associate_public_ip_address": true,
            "availability_zone": "eu-west-2a",
            "cpu_core_count": 1,
            "cpu_threads_per_core": 1,
            "credit_specification": [
              {
                "cpu_credits": "standard"
              }
            ],
            "disable_api_termination": false,
            "ebs_block_device": [],
            "ebs_optimized": false,
            "ephemeral_block_device": [],
            "get_password_data": false,
            "hibernation": false,
            "host_id": null,
            "iam_instance_profile": "",
            "id": "i-0502715bd01fcc3c7",
            "instance_initiated_shutdown_behavior": null,
            "instance_state": "running",
            "instance_type": "t2.nano",
            "ipv6_address_count": 0,
            "ipv6_addresses": [],
            "key_name": "Test",
            "metadata_options": [
              {
                "http_endpoint": "enabled",
                "http_put_response_hop_limit": 1,
                "http_tokens": "optional"
              }
            ],
            "monitoring": false,
            "network_interface": [],
            "outpost_arn": "",
            "password_data": "",
            "placement_group": "",
            "primary_network_interface_id": "eni-01f7e4b686f1145f0",
            "private_dns": "ip-10-132-1-18.eu-west-2.compute.internal",
            "private_ip": "10.132.1.18",
            "public_dns": "ec2-18-133-158-137.eu-west-2.compute.amazonaws.com",
            "public_ip": "18.133.158.137",
            "root_block_device": [
              {
                "delete_on_termination": true,
                "device_name": "/dev/xvda",
                "encrypted": true,
                "iops": 100,
                "kms_key_id": "arn:aws:kms:eu-west-2:538215634837:key/b0dbf98b-7dc9-4585-a82c-72722f8e3e97",
                "volume_id": "vol-0fe8009193c201488",
                "volume_size": 8,
                "volume_type": "gp2"
              }
            ],
            "secondary_private_ips": [],
            "security_groups": [],
            "source_dest_check": true,
            "subnet_id": "subnet-06d08319660d06a6b",
            "tags": {
              "Name": "DevInstanceAWS-1"
            },
            "tenancy": "default",
            "timeouts": null,
            "user_data": null,
            "user_data_base64": null,
            "volume_tags": {},
            "vpc_security_group_ids": [
              "sg-0bee74bf6f3e1f8f0"
            ]
          },
          "private": "eyJlMmJmYjczMC1lY2FhLTExZTYtOGY4OC0zNDM2M2JjN2M0YzAiOnsiY3JlYXRlIjo2MDAwMDAwMDAwMDAsImRlbGV0ZSI6MTIwMDAwMDAwMDAwMCwidXBkYXRlIjo2MDAwMDAwMDAwMDB9LCJzY2hlbWFfdmVyc2lvbiI6IjEifQ==",
          "dependencies": [
            "module.ec2.aws_security_group.web_external",
            "module.vpc.aws_subnet.dev-subnet-public",
            "module.vpc.aws_vpc.dev-vpc"
          ]
        }
      ]
    },
    {
      "module": "module.ec2[0]",
      "mode": "managed",
      "type": "aws_key_pair",
      "name": "Test",
      "provider": "provider[\"registry.terraform.io/hashicorp/aws\"]",
      "instances": [
        {
          "schema_version": 1,
          "attributes": {
            "arn": "arn:aws:ec2:eu-west-2:538215634837:key-pair/Test",
            "fingerprint": "d7:ff:a6:63:18:64:9c:57:a1:ee:ca:a4:ad:c2:81:62",
            "id": "Test",
            "key_name": "Test",
            "key_name_prefix": null,
            "key_pair_id": "key-01eda0e5b6a645abc",
            "public_key": "ssh-rsa AAAAB3NzaC1yc2EAAAADAQABAAABAQD3F6tyPEFEzV0LX3X8BsXdMsQz1x2cEikKDEY0aIj41qgxMCP/iteneqXSIFZBp5vizPvaoIR3Um9xK7PGoW8giupGn+EPuxIA4cDM4vzOqOkiMPhz5XK0whEjkVzTo4+S0puvDZuwIsdiW9mxhJc7tgBNL0cYlWSYVkz4G/fslNfRPW5mYAM49f4fhtxPb5ok4Q2Lg9dPKVHO/Bgeu5woMc7RY0p1ej6D4CKFE6lymSDJpW0YHX/wqE9+cfEauh7xZcG0q9t2ta6F6fmX0agvpFyZo8aFbXeUBr7osSCJNgvavWbM/06niWrOvYX2xwWdhXmXSrbX8ZbabVohBK41 email@example.com",
            "tags": {}
          },
          "private": "eyJzY2hlbWFfdmVyc2lvbiI6IjEifQ=="
        }
      ]
    },
    {
      "module": "module.ec2[0]",
      "mode": "managed",
      "type": "aws_security_group",
      "name": "web_external",
      "provider": "provider[\"registry.terraform.io/hashicorp/aws\"]",
      "instances": [
        {
          "schema_version": 1,
          "attributes": {
            "arn": "arn:aws:ec2:eu-west-2:538215634837:security-group/sg-0bee74bf6f3e1f8f0",
            "description": "Managed by Terraform",
            "egress": [
              {
                "cidr_blocks": [
                  "94.6.20.160/32"
                ],
                "description": "",
                "from_port": 0,
                "ipv6_cidr_blocks": [],
                "prefix_list_ids": [],
                "protocol": "-1",
                "security_groups": [],
                "self": false,
                "to_port": 0
              }
            ],
            "id": "sg-0bee74bf6f3e1f8f0",
            "ingress": [
              {
                "cidr_blocks": [
                  "94.6.20.160/32"
                ],
                "description": "",
                "from_port": 443,
                "ipv6_cidr_blocks": [],
                "prefix_list_ids": [],
                "protocol": "tcp",
                "security_groups": [],
                "self": false,
                "to_port": 443
              }
            ],
            "name": "terraform-20201026103343702600000001",
            "name_prefix": "",
            "owner_id": "538215634837",
            "revoke_rules_on_delete": false,
            "tags": {
              "Name": "web_external"
            },
            "timeouts": null,
            "vpc_id": "vpc-098ce6c17f5b68a66"
          },
          "private": "eyJlMmJmYjczMC1lY2FhLTExZTYtOGY4OC0zNDM2M2JjN2M0YzAiOnsiY3JlYXRlIjo2MDAwMDAwMDAwMDAsImRlbGV0ZSI6NjAwMDAwMDAwMDAwfSwic2NoZW1hX3ZlcnNpb24iOiIxIn0=",
          "dependencies": [
            "module.vpc.aws_vpc.dev-vpc"
          ]
        }
      ]
    },
    {
      "module": "module.s3",
      "mode": "managed",
      "type": "aws_kms_key",
      "name": "mykey",
      "provider": "provider[\"registry.terraform.io/hashicorp/aws\"]",
      "instances": [
        {
          "schema_version": 0,
          "attributes": {
            "arn": "arn:aws:kms:eu-west-2:538215634837:key/00f0a7da-a09e-451b-9cd4-2ad565aa926c",
            "customer_master_key_spec": "SYMMETRIC_DEFAULT",
            "deletion_window_in_days": 10,
            "description": "This key is used to encrypt bucket objects",
            "enable_key_rotation": false,
            "id": "00f0a7da-a09e-451b-9cd4-2ad565aa926c",
            "is_enabled": true,
            "key_id": "00f0a7da-a09e-451b-9cd4-2ad565aa926c",
            "key_usage": "ENCRYPT_DECRYPT",
            "policy": "{\"Id\":\"key-default-1\",\"Statement\":[{\"Action\":\"kms:*\",\"Effect\":\"Allow\",\"Principal\":{\"AWS\":\"arn:aws:iam::538215634837:root\"},\"Resource\":\"*\",\"Sid\":\"Enable IAM User Permissions\"}],\"Version\":\"2012-10-17\"}",
            "tags": {}
          },
          "private": "bnVsbA=="
        }
      ]
    },
    {
      "module": "module.vpc",
      "mode": "managed",
      "type": "aws_eip",
      "name": "nat",
      "provider": "module.vpc.provider[\"registry.terraform.io/hashicorp/aws\"]",
      "instances": [
        {
          "schema_version": 0,
          "attributes": {
            "allocation_id": null,
            "associate_with_private_ip": null,
            "association_id": "eipassoc-079d6f2a0359778d5",
            "customer_owned_ip": "",
            "customer_owned_ipv4_pool": "",
            "domain": "vpc",
            "id": "eipalloc-0f71d38107fa5733a",
            "instance": "",
            "network_interface": "eni-09460ff19244930b4",
            "private_dns": "ip-10-132-2-25.eu-west-2.compute.internal",
            "private_ip": "10.132.2.25",
            "public_dns": "ec2-52-56-125-252.eu-west-2.compute.amazonaws.com",
            "public_ip": "52.56.125.252",
            "public_ipv4_pool": "amazon",
            "tags": {},
            "timeouts": null,
            "vpc": true
          },
          "private": "eyJlMmJmYjczMC1lY2FhLTExZTYtOGY4OC0zNDM2M2JjN2M0YzAiOnsiZGVsZXRlIjoxODAwMDAwMDAwMDAsInJlYWQiOjkwMDAwMDAwMDAwMCwidXBkYXRlIjozMDAwMDAwMDAwMDB9fQ=="
        }
      ]
    },
    {
      "module": "module.vpc",
      "mode": "managed",
      "type": "aws_internet_gateway",
      "name": "dev-igw",
      "provider": "module.vpc.provider[\"registry.terraform.io/hashicorp/aws\"]",
      "instances": [
        {
          "schema_version": 0,
          "attributes": {
            "arn": "arn:aws:ec2:eu-west-2:538215634837:internet-gateway/igw-0156496f0bcaf7876",
            "id": "igw-0156496f0bcaf7876",
            "owner_id": "538215634837",
            "tags": {
              "Name": "dev-igw"
            },
            "vpc_id": "vpc-098ce6c17f5b68a66"
          },
          "private": "bnVsbA==",
          "dependencies": [
            "module.vpc.aws_vpc.dev-vpc"
          ]
        }
      ]
    },
    {
      "module": "module.vpc",
      "mode": "managed",
      "type": "aws_nat_gateway",
      "name": "dev-ngw",
      "provider": "module.vpc.provider[\"registry.terraform.io/hashicorp/aws\"]",
      "instances": [
        {
          "index_key": 0,
          "schema_version": 0,
          "attributes": {
            "allocation_id": "eipalloc-0f71d38107fa5733a",
            "id": "nat-0aee9fb0f27d28735",
            "network_interface_id": "eni-09460ff19244930b4",
            "private_ip": "10.132.2.25",
            "public_ip": "52.56.125.252",
            "subnet_id": "subnet-0fb8995a3ea7083a3",
            "tags": {
              "Name": "dev-ngw"
            }
          },
          "private": "bnVsbA==",
          "dependencies": [
            "module.vpc.aws_eip.nat",
            "module.vpc.aws_subnet.dev-subnet-private",
            "module.vpc.aws_vpc.dev-vpc"
          ]
        }
      ]
    },
    {
      "module": "module.vpc",
      "mode": "managed",
      "type": "aws_route_table",
      "name": "dev-private-crt",
      "provider": "module.vpc.provider[\"registry.terraform.io/hashicorp/aws\"]",
      "instances": [
        {
          "schema_version": 0,
          "attributes": {
            "id": "rtb-0e7c184331b454e7d",
            "owner_id": "538215634837",
            "propagating_vgws": [],
            "route": [],
            "tags": {
              "Name": "dev-private-rt"
            },
            "vpc_id": "vpc-098ce6c17f5b68a66"
          },
          "private": "bnVsbA==",
          "dependencies": [
            "module.vpc.aws_vpc.dev-vpc"
          ]
        }
      ]
    },
    {
      "module": "module.vpc",
      "mode": "managed",
      "type": "aws_route_table",
      "name": "dev-public-crt",
      "provider": "module.vpc.provider[\"registry.terraform.io/hashicorp/aws\"]",
      "instances": [
        {
          "schema_version": 0,
          "attributes": {
            "id": "rtb-07ed1cc11102d5415",
            "owner_id": "538215634837",
            "propagating_vgws": [],
            "route": [
              {
                "cidr_block": "94.6.20.160/32",
                "egress_only_gateway_id": "",
                "gateway_id": "igw-0156496f0bcaf7876",
                "instance_id": "",
                "ipv6_cidr_block": "",
                "local_gateway_id": "",
                "nat_gateway_id": "",
                "network_interface_id": "",
                "transit_gateway_id": "",
                "vpc_peering_connection_id": ""
              }
            ],
            "tags": {
              "Name": "dev-public-rt"
            },
            "vpc_id": "vpc-098ce6c17f5b68a66"
          },
          "private": "bnVsbA==",
          "dependencies": [
            "module.vpc.aws_internet_gateway.dev-igw",
            "module.vpc.aws_vpc.dev-vpc"
          ]
        }
      ]
    },
    {
      "module": "module.vpc",
      "mode": "managed",
      "type": "aws_route_table_association",
      "name": "dev-crta-private-subnet",
      "provider": "module.vpc.provider[\"registry.terraform.io/hashicorp/aws\"]",
      "instances": [
        {
          "index_key": 0,
          "schema_version": 0,
          "attributes": {
            "gateway_id": null,
            "id": "rtbassoc-033205519abf7b5a6",
            "route_table_id": "rtb-0e7c184331b454e7d",
            "subnet_id": "subnet-0fb8995a3ea7083a3"
          },
          "private": "bnVsbA==",
          "dependencies": [
            "module.vpc.aws_route_table.dev-private-crt",
            "module.vpc.aws_subnet.dev-subnet-private",
            "module.vpc.aws_vpc.dev-vpc"
          ]
        },
        {
          "index_key": 1,
          "schema_version": 0,
          "attributes": {
            "gateway_id": null,
            "id": "rtbassoc-0ee0198db16e87734",
            "route_table_id": "rtb-0e7c184331b454e7d",
            "subnet_id": "subnet-045550b105cab4a17"
          },
          "private": "bnVsbA==",
          "dependencies": [
            "module.vpc.aws_route_table.dev-private-crt",
            "module.vpc.aws_subnet.dev-subnet-private",
            "module.vpc.aws_vpc.dev-vpc"
          ]
        }
      ]
    },
    {
      "module": "module.vpc",
      "mode": "managed",
      "type": "aws_route_table_association",
      "name": "dev-crta-public-subnet",
      "provider": "module.vpc.provider[\"registry.terraform.io/hashicorp/aws\"]",
      "instances": [
        {
          "index_key": 0,
          "schema_version": 0,
          "attributes": {
            "gateway_id": null,
            "id": "rtbassoc-0449450860a342718",
            "route_table_id": "rtb-07ed1cc11102d5415",
            "subnet_id": "subnet-06d08319660d06a6b"
          },
          "private": "bnVsbA==",
          "dependencies": [
            "module.vpc.aws_internet_gateway.dev-igw",
            "module.vpc.aws_route_table.dev-public-crt",
            "module.vpc.aws_subnet.dev-subnet-public",
            "module.vpc.aws_vpc.dev-vpc"
          ]
        },
        {
          "index_key": 1,
          "schema_version": 0,
          "attributes": {
            "gateway_id": null,
            "id": "rtbassoc-016feb71909c78023",
            "route_table_id": "rtb-07ed1cc11102d5415",
            "subnet_id": "subnet-0fafb6b3af1606be9"
          },
          "private": "bnVsbA==",
          "dependencies": [
            "module.vpc.aws_internet_gateway.dev-igw",
            "module.vpc.aws_route_table.dev-public-crt",
            "module.vpc.aws_subnet.dev-subnet-public",
            "module.vpc.aws_vpc.dev-vpc"
          ]
        }
      ]
    },
    {
      "module": "module.vpc",
      "mode": "managed",
      "type": "aws_subnet",
      "name": "dev-subnet-private",
      "provider": "module.vpc.provider[\"registry.terraform.io/hashicorp/aws\"]",
      "instances": [
        {
          "index_key": 0,
          "schema_version": 1,
          "attributes": {
            "arn": "arn:aws:ec2:eu-west-2:538215634837:subnet/subnet-0fb8995a3ea7083a3",
            "assign_ipv6_address_on_creation": false,
            "availability_zone": "eu-west-2a",
            "availability_zone_id": "euw2-az2",
            "cidr_block": "10.132.2.0/26",
            "id": "subnet-0fb8995a3ea7083a3",
            "ipv6_cidr_block": "",
            "ipv6_cidr_block_association_id": "",
            "map_public_ip_on_launch": false,
            "outpost_arn": "",
            "owner_id": "538215634837",
            "tags": {
              "Name": "dev-subnet-private-1"
            },
            "timeouts": null,
            "vpc_id": "vpc-098ce6c17f5b68a66"
          },
          "private": "eyJlMmJmYjczMC1lY2FhLTExZTYtOGY4OC0zNDM2M2JjN2M0YzAiOnsiY3JlYXRlIjo2MDAwMDAwMDAwMDAsImRlbGV0ZSI6MTIwMDAwMDAwMDAwMH0sInNjaGVtYV92ZXJzaW9uIjoiMSJ9",
          "dependencies": [
            "module.vpc.aws_vpc.dev-vpc"
          ]
        },
        {
          "index_key": 1,
          "schema_version": 1,
          "attributes": {
            "arn": "arn:aws:ec2:eu-west-2:538215634837:subnet/subnet-045550b105cab4a17",
            "assign_ipv6_address_on_creation": false,
            "availability_zone": "eu-west-2b",
            "availability_zone_id": "euw2-az3",
            "cidr_block": "10.132.2.64/26",
            "id": "subnet-045550b105cab4a17",
            "ipv6_cidr_block": "",
            "ipv6_cidr_block_association_id": "",
            "map_public_ip_on_launch": false,
            "outpost_arn": "",
            "owner_id": "538215634837",
            "tags": {
              "Name": "dev-subnet-private-2"
            },
            "timeouts": null,
            "vpc_id": "vpc-098ce6c17f5b68a66"
          },
          "private": "eyJlMmJmYjczMC1lY2FhLTExZTYtOGY4OC0zNDM2M2JjN2M0YzAiOnsiY3JlYXRlIjo2MDAwMDAwMDAwMDAsImRlbGV0ZSI6MTIwMDAwMDAwMDAwMH0sInNjaGVtYV92ZXJzaW9uIjoiMSJ9",
          "dependencies": [
            "module.vpc.aws_vpc.dev-vpc"
          ]
        }
      ]
    },
    {
      "module": "module.vpc",
      "mode": "managed",
      "type": "aws_subnet",
      "name": "dev-subnet-public",
      "provider": "module.vpc.provider[\"registry.terraform.io/hashicorp/aws\"]",
      "instances": [
        {
          "index_key": 0,
          "schema_version": 1,
          "attributes": {
            "arn": "arn:aws:ec2:eu-west-2:538215634837:subnet/subnet-06d08319660d06a6b",
            "assign_ipv6_address_on_creation": false,
            "availability_zone": "eu-west-2a",
            "availability_zone_id": "euw2-az2",
            "cidr_block": "10.132.1.0/26",
            "id": "subnet-06d08319660d06a6b",
            "ipv6_cidr_block": "",
            "ipv6_cidr_block_association_id": "",
            "map_public_ip_on_launch": true,
            "outpost_arn": "",
            "owner_id": "538215634837",
            "tags": {
              "Name": "dev-subnet-public-1"
            },
            "timeouts": null,
            "vpc_id": "vpc-098ce6c17f5b68a66"
          },
          "private": "eyJlMmJmYjczMC1lY2FhLTExZTYtOGY4OC0zNDM2M2JjN2M0YzAiOnsiY3JlYXRlIjo2MDAwMDAwMDAwMDAsImRlbGV0ZSI6MTIwMDAwMDAwMDAwMH0sInNjaGVtYV92ZXJzaW9uIjoiMSJ9",
          "dependencies": [
            "module.vpc.aws_vpc.dev-vpc"
          ]
        },
        {
          "index_key": 1,
          "schema_version": 1,
          "attributes": {
            "arn": "arn:aws:ec2:eu-west-2:538215634837:subnet/subnet-0fafb6b3af1606be9",
            "assign_ipv6_address_on_creation": false,
            "availability_zone": "eu-west-2b",
            "availability_zone_id": "euw2-az3",
            "cidr_block": "10.132.1.64/26",
            "id": "subnet-0fafb6b3af1606be9",
            "ipv6_cidr_block": "",
            "ipv6_cidr_block_association_id": "",
            "map_public_ip_on_launch": true,
            "outpost_arn": "",
            "owner_id": "538215634837",
            "tags": {
              "Name": "dev-subnet-public-2"
            },
            "timeouts": null,
            "vpc_id": "vpc-098ce6c17f5b68a66"
          },
          "private": "eyJlMmJmYjczMC1lY2FhLTExZTYtOGY4OC0zNDM2M2JjN2M0YzAiOnsiY3JlYXRlIjo2MDAwMDAwMDAwMDAsImRlbGV0ZSI6MTIwMDAwMDAwMDAwMH0sInNjaGVtYV92ZXJzaW9uIjoiMSJ9",
          "dependencies": [
            "module.vpc.aws_vpc.dev-vpc"
          ]
        }
      ]
    },
    {
      "module": "module.vpc",
      "mode": "managed",
      "type": "aws_vpc",
      "name": "dev-vpc",
      "provider": "module.vpc.provider[\"registry.terraform.io/hashicorp/aws\"]",
      "instances": [
        {
          "schema_version": 1,
          "attributes": {
            "arn": "arn:aws:ec2:eu-west-2:538215634837:vpc/vpc-098ce6c17f5b68a66",
            "assign_generated_ipv6_cidr_block": false,
            "cidr_block": "10.132.0.0/21",
            "default_network_acl_id": "acl-0fb08477fe15b0185",
            "default_route_table_id": "rtb-03241cd993556bd04",
            "default_security_group_id": "sg-0dbe718ad9c144225",
            "dhcp_options_id": "dopt-c390b9ab",
            "enable_classiclink": null,
            "enable_classiclink_dns_support": null,
            "enable_dns_hostnames": true,
            "enable_dns_support": true,
            "id": "vpc-098ce6c17f5b68a66",
            "instance_tenancy": "default",
            "ipv6_association_id": "",
            "ipv6_cidr_block": "",
            "main_route_table_id": "rtb-03241cd993556bd04",
            "owner_id": "538215634837",
            "tags": {
              "Name": "dev-vpc"
            }
          },
          "private": "eyJzY2hlbWFfdmVyc2lvbiI6IjEifQ=="
        }
      ]
    }
  ]
}
