{
  "version": 4,
  "terraform_version": "0.13.5",
  "serial": 27,
  "lineage": "ea43a20c-85b7-4211-1d9a-c0916958eb6b",
  "outputs": {},
  "resources": [
    {
      "module": "module.ec2[0]",
      "mode": "data",
      "type": "aws_availability_zones",
      "name": "all",
      "provider": "provider[\"registry.terraform.io/hashicorp/aws\"]",
      "instances": [
        {
          "schema_version": 0,
          "attributes": {
            "all_availability_zones": null,
            "exclude_names": null,
            "exclude_zone_ids": null,
            "filter": null,
            "group_names": [
              "eu-west-2"
            ],
            "id": "eu-west-2",
            "names": [
              "eu-west-2a",
              "eu-west-2b",
              "eu-west-2c"
            ],
            "state": null,
            "zone_ids": [
              "euw2-az2",
              "euw2-az3",
              "euw2-az1"
            ]
          }
        }
      ]
    },
    {
      "module": "module.ec2[0]",
      "mode": "managed",
      "type": "aws_instance",
      "name": "DevInstanceAWS",
      "provider": "provider[\"registry.terraform.io/hashicorp/aws\"]",
      "instances": [
        {
          "index_key": 0,
          "schema_version": 1,
          "attributes": {
            "ami": "ami-09b89ad3c5769cca2",
            "arn": "arn:aws:ec2:eu-west-2:538215634837:instance/i-03b6c3cbf14b6d869",
            "associate_public_ip_address": true,
            "availability_zone": "eu-west-2a",
            "cpu_core_count": 1,
            "cpu_threads_per_core": 1,
            "credit_specification": [
              {
                "cpu_credits": "standard"
              }
            ],
            "disable_api_termination": false,
            "ebs_block_device": [],
            "ebs_optimized": false,
            "ephemeral_block_device": [],
            "get_password_data": false,
            "hibernation": false,
            "host_id": null,
            "iam_instance_profile": "",
            "id": "i-03b6c3cbf14b6d869",
            "instance_initiated_shutdown_behavior": null,
            "instance_state": "running",
            "instance_type": "t2.nano",
            "ipv6_address_count": 0,
            "ipv6_addresses": [],
            "key_name": "Test",
            "metadata_options": [
              {
                "http_endpoint": "enabled",
                "http_put_response_hop_limit": 1,
                "http_tokens": "optional"
              }
            ],
            "monitoring": false,
            "network_interface": [],
            "outpost_arn": "",
            "password_data": "",
            "placement_group": "",
            "primary_network_interface_id": "eni-091e9735efbb6358d",
            "private_dns": "ip-10-132-1-14.eu-west-2.compute.internal",
            "private_ip": "10.132.1.14",
            "public_dns": "ec2-35-177-226-38.eu-west-2.compute.amazonaws.com",
            "public_ip": "35.177.226.38",
            "root_block_device": [
              {
                "delete_on_termination": true,
                "device_name": "/dev/xvda",
                "encrypted": true,
                "iops": 100,
                "kms_key_id": "arn:aws:kms:eu-west-2:538215634837:key/b0dbf98b-7dc9-4585-a82c-72722f8e3e97",
                "volume_id": "vol-0b6bc0e103fd77c57",
                "volume_size": 8,
                "volume_type": "gp2"
              }
            ],
            "secondary_private_ips": [],
            "security_groups": [],
            "source_dest_check": true,
            "subnet_id": "subnet-0c2a7897e3ed281e0",
            "tags": {
              "Name": "DevInstanceAWS-1"
            },
            "tenancy": "default",
            "timeouts": null,
            "user_data": null,
            "user_data_base64": null,
            "volume_tags": {},
            "vpc_security_group_ids": [
              "sg-077ae3aa811523f75"
            ]
          },
          "private": "eyJlMmJmYjczMC1lY2FhLTExZTYtOGY4OC0zNDM2M2JjN2M0YzAiOnsiY3JlYXRlIjo2MDAwMDAwMDAwMDAsImRlbGV0ZSI6MTIwMDAwMDAwMDAwMCwidXBkYXRlIjo2MDAwMDAwMDAwMDB9LCJzY2hlbWFfdmVyc2lvbiI6IjEifQ==",
          "dependencies": [
            "module.ec2.aws_security_group.web_external",
            "module.vpc.aws_subnet.dev-subnet-public",
            "module.vpc.aws_vpc.dev-vpc"
          ]
        }
      ]
    },
    {
      "module": "module.ec2[0]",
      "mode": "managed",
      "type": "aws_key_pair",
      "name": "Test",
      "provider": "provider[\"registry.terraform.io/hashicorp/aws\"]",
      "instances": [
        {
          "schema_version": 1,
          "attributes": {
            "arn": "arn:aws:ec2:eu-west-2:538215634837:key-pair/Test",
            "fingerprint": "d7:ff:a6:63:18:64:9c:57:a1:ee:ca:a4:ad:c2:81:62",
            "id": "Test",
            "key_name": "Test",
            "key_name_prefix": null,
            "key_pair_id": "key-0e8e6039335fc51df",
            "public_key": "ssh-rsa AAAAB3NzaC1yc2EAAAADAQABAAABAQD3F6tyPEFEzV0LX3X8BsXdMsQz1x2cEikKDEY0aIj41qgxMCP/iteneqXSIFZBp5vizPvaoIR3Um9xK7PGoW8giupGn+EPuxIA4cDM4vzOqOkiMPhz5XK0whEjkVzTo4+S0puvDZuwIsdiW9mxhJc7tgBNL0cYlWSYVkz4G/fslNfRPW5mYAM49f4fhtxPb5ok4Q2Lg9dPKVHO/Bgeu5woMc7RY0p1ej6D4CKFE6lymSDJpW0YHX/wqE9+cfEauh7xZcG0q9t2ta6F6fmX0agvpFyZo8aFbXeUBr7osSCJNgvavWbM/06niWrOvYX2xwWdhXmXSrbX8ZbabVohBK41 email@example.com",
            "tags": {}
          },
          "private": "eyJzY2hlbWFfdmVyc2lvbiI6IjEifQ=="
        }
      ]
    },
    {
      "module": "module.ec2[0]",
      "mode": "managed",
      "type": "aws_security_group",
      "name": "web_external",
      "provider": "provider[\"registry.terraform.io/hashicorp/aws\"]",
      "instances": [
        {
          "schema_version": 1,
          "attributes": {
            "arn": "arn:aws:ec2:eu-west-2:538215634837:security-group/sg-077ae3aa811523f75",
            "description": "Managed by Terraform",
            "egress": [
              {
                "cidr_blocks": [
                  "94.6.20.160/32"
                ],
                "description": "",
                "from_port": 0,
                "ipv6_cidr_blocks": [],
                "prefix_list_ids": [],
                "protocol": "-1",
                "security_groups": [],
                "self": false,
                "to_port": 0
              }
            ],
            "id": "sg-077ae3aa811523f75",
            "ingress": [
              {
                "cidr_blocks": [
                  "94.6.20.160/32"
                ],
                "description": "",
                "from_port": 443,
                "ipv6_cidr_blocks": [],
                "prefix_list_ids": [],
                "protocol": "tcp",
                "security_groups": [],
                "self": false,
                "to_port": 443
              }
            ],
            "name": "terraform-20201027103743884100000001",
            "name_prefix": "",
            "owner_id": "538215634837",
            "revoke_rules_on_delete": false,
            "tags": {
              "Name": "web_external"
            },
            "timeouts": null,
            "vpc_id": "vpc-0c099cd6e25f8a9bd"
          },
          "private": "eyJlMmJmYjczMC1lY2FhLTExZTYtOGY4OC0zNDM2M2JjN2M0YzAiOnsiY3JlYXRlIjo2MDAwMDAwMDAwMDAsImRlbGV0ZSI6NjAwMDAwMDAwMDAwfSwic2NoZW1hX3ZlcnNpb24iOiIxIn0=",
          "dependencies": [
            "module.vpc.aws_vpc.dev-vpc"
          ]
        }
      ]
    },
    {
      "module": "module.s3",
      "mode": "data",
      "type": "aws_caller_identity",
      "name": "current",
      "provider": "provider[\"registry.terraform.io/hashicorp/aws\"]",
      "instances": [
        {
          "schema_version": 0,
          "attributes": {
            "account_id": "538215634837",
            "arn": "arn:aws:sts::538215634837:assumed-role/AWSReservedSSO_QQSandboxPowerUser_01a9e907302c2d49/ajglancy",
            "id": "2020-10-28 11:55:31.167995 +0000 UTC",
            "user_id": "AROAX2UBG26KQ7HN5CTJM:ajglancy"
          }
        }
      ]
    },
    {
      "module": "module.s3",
      "mode": "managed",
      "type": "aws_kms_key",
      "name": "mykey",
      "provider": "provider[\"registry.terraform.io/hashicorp/aws\"]",
      "instances": [
        {
          "schema_version": 0,
          "attributes": {
            "arn": "arn:aws:kms:eu-west-2:538215634837:key/4d51d433-1498-4c1e-b507-2402986c83e6",
            "customer_master_key_spec": "SYMMETRIC_DEFAULT",
            "deletion_window_in_days": 10,
            "description": "This key is used to encrypt bucket objects",
            "enable_key_rotation": false,
            "id": "4d51d433-1498-4c1e-b507-2402986c83e6",
            "is_enabled": true,
            "key_id": "4d51d433-1498-4c1e-b507-2402986c83e6",
            "key_usage": "ENCRYPT_DECRYPT",
            "policy": "{\"Id\":\"key-default-1\",\"Statement\":[{\"Action\":\"kms:*\",\"Effect\":\"Allow\",\"Principal\":{\"AWS\":\"arn:aws:iam::538215634837:root\"},\"Resource\":\"*\",\"Sid\":\"Enable IAM User Permissions\"}],\"Version\":\"2012-10-17\"}",
            "tags": {}
          },
          "private": "bnVsbA=="
        }
      ]
    },
    {
      "module": "module.s3",
      "mode": "managed",
      "type": "aws_s3_bucket",
      "name": "test_bucket",
      "provider": "provider[\"registry.terraform.io/hashicorp/aws\"]",
      "instances": [
        {
          "schema_version": 0,
          "attributes": {
            "acceleration_status": "",
            "acl": "private",
            "arn": "arn:aws:s3:::538215634837-testbucket",
            "bucket": "538215634837-testbucket",
            "bucket_domain_name": "538215634837-testbucket.s3.amazonaws.com",
            "bucket_prefix": null,
            "bucket_regional_domain_name": "538215634837-testbucket.s3.eu-west-2.amazonaws.com",
            "cors_rule": [],
            "force_destroy": false,
            "grant": [],
            "hosted_zone_id": "Z3GKZC51ZF0DB4",
            "id": "538215634837-testbucket",
            "lifecycle_rule": [],
            "logging": [],
            "object_lock_configuration": [],
            "policy": null,
            "region": "eu-west-2",
            "replication_configuration": [],
            "request_payer": "BucketOwner",
            "server_side_encryption_configuration": [
              {
                "rule": [
                  {
                    "apply_server_side_encryption_by_default": [
                      {
                        "kms_master_key_id": "arn:aws:kms:eu-west-2:538215634837:key/4d51d433-1498-4c1e-b507-2402986c83e6",
                        "sse_algorithm": "aws:kms"
                      }
                    ]
                  }
                ]
              }
            ],
            "tags": {},
            "versioning": [
              {
                "enabled": true,
                "mfa_delete": false
              }
            ],
            "website": [],
            "website_domain": null,
            "website_endpoint": null
          },
          "private": "bnVsbA==",
          "dependencies": [
            "module.s3.aws_kms_key.mykey"
          ]
        }
      ]
    },
    {
      "module": "module.s3",
      "mode": "managed",
      "type": "aws_s3_bucket_object",
      "name": "file_upload",
      "provider": "provider[\"registry.terraform.io/hashicorp/aws\"]",
      "instances": [
        {
          "schema_version": 0,
          "attributes": {
            "acl": "private",
            "bucket": "538215634837-testbucket",
            "cache_control": "",
            "content": null,
            "content_base64": null,
            "content_disposition": "",
            "content_encoding": "",
            "content_language": "",
            "content_type": "binary/octet-stream",
            "etag": "45587d4a76c92d209e33366d49c3a4ac",
            "force_destroy": false,
            "id": "test.txt",
            "key": "test.txt",
            "kms_key_id": "arn:aws:kms:eu-west-2:538215634837:key/4d51d433-1498-4c1e-b507-2402986c83e6",
            "metadata": {},
            "object_lock_legal_hold_status": "",
            "object_lock_mode": "",
            "object_lock_retain_until_date": "",
            "server_side_encryption": "aws:kms",
            "source": "test.txt",
            "storage_class": "STANDARD",
            "tags": {},
            "version_id": "gRzjTykvySXQ7caibsMrAOCsRgOnhf09",
            "website_redirect": ""
          },
          "private": "bnVsbA==",
          "dependencies": [
            "module.s3.aws_s3_bucket.test_bucket"
          ]
        }
      ]
    },
    {
      "module": "module.vpc",
      "mode": "managed",
      "type": "aws_eip",
      "name": "nat",
      "provider": "module.vpc.provider[\"registry.terraform.io/hashicorp/aws\"]",
      "instances": [
        {
          "schema_version": 0,
          "attributes": {
            "allocation_id": null,
            "associate_with_private_ip": null,
            "association_id": "eipassoc-064e891c300adc5d8",
            "customer_owned_ip": "",
            "customer_owned_ipv4_pool": "",
            "domain": "vpc",
            "id": "eipalloc-0ee7d7ceceff665b2",
            "instance": "",
            "network_interface": "eni-00d85d04b132f5559",
            "private_dns": "ip-10-132-2-53.eu-west-2.compute.internal",
            "private_ip": "10.132.2.53",
            "public_dns": "ec2-3-10-135-95.eu-west-2.compute.amazonaws.com",
            "public_ip": "3.10.135.95",
            "public_ipv4_pool": "amazon",
            "tags": {},
            "timeouts": null,
            "vpc": true
          },
          "private": "eyJlMmJmYjczMC1lY2FhLTExZTYtOGY4OC0zNDM2M2JjN2M0YzAiOnsiZGVsZXRlIjoxODAwMDAwMDAwMDAsInJlYWQiOjkwMDAwMDAwMDAwMCwidXBkYXRlIjozMDAwMDAwMDAwMDB9fQ=="
        }
      ]
    },
    {
      "module": "module.vpc",
      "mode": "managed",
      "type": "aws_internet_gateway",
      "name": "dev-igw",
      "provider": "module.vpc.provider[\"registry.terraform.io/hashicorp/aws\"]",
      "instances": [
        {
          "schema_version": 0,
          "attributes": {
            "arn": "arn:aws:ec2:eu-west-2:538215634837:internet-gateway/igw-098d87f0d5fd9ac09",
            "id": "igw-098d87f0d5fd9ac09",
            "owner_id": "538215634837",
            "tags": {
              "Name": "dev-igw"
            },
            "vpc_id": "vpc-0c099cd6e25f8a9bd"
          },
          "private": "bnVsbA==",
          "dependencies": [
            "module.vpc.aws_vpc.dev-vpc"
          ]
        }
      ]
    },
    {
      "module": "module.vpc",
      "mode": "managed",
      "type": "aws_nat_gateway",
      "name": "dev-ngw",
      "provider": "module.vpc.provider[\"registry.terraform.io/hashicorp/aws\"]",
      "instances": [
        {
          "index_key": 0,
          "schema_version": 0,
          "attributes": {
            "allocation_id": "eipalloc-0ee7d7ceceff665b2",
            "id": "nat-05a195e03fc1b7174",
            "network_interface_id": "eni-00d85d04b132f5559",
            "private_ip": "10.132.2.53",
            "public_ip": "3.10.135.95",
            "subnet_id": "subnet-0b0b1b38838091ec5",
            "tags": {
              "Name": "dev-ngw"
            }
          },
          "private": "bnVsbA==",
          "dependencies": [
            "module.vpc.aws_eip.nat",
            "module.vpc.aws_subnet.dev-subnet-private",
            "module.vpc.aws_vpc.dev-vpc"
          ]
        }
      ]
    },
    {
      "module": "module.vpc",
      "mode": "managed",
      "type": "aws_route_table",
      "name": "dev-private-crt",
      "provider": "module.vpc.provider[\"registry.terraform.io/hashicorp/aws\"]",
      "instances": [
        {
          "schema_version": 0,
          "attributes": {
            "id": "rtb-010ef3c0528bcd55b",
            "owner_id": "538215634837",
            "propagating_vgws": [],
            "route": [],
            "tags": {
              "Name": "dev-private-rt"
            },
            "vpc_id": "vpc-0c099cd6e25f8a9bd"
          },
          "private": "bnVsbA==",
          "dependencies": [
            "module.vpc.aws_vpc.dev-vpc"
          ]
        }
      ]
    },
    {
      "module": "module.vpc",
      "mode": "managed",
      "type": "aws_route_table",
      "name": "dev-public-crt",
      "provider": "module.vpc.provider[\"registry.terraform.io/hashicorp/aws\"]",
      "instances": [
        {
          "schema_version": 0,
          "attributes": {
            "id": "rtb-01cff67b5a111d566",
            "owner_id": "538215634837",
            "propagating_vgws": [],
            "route": [
              {
                "cidr_block": "94.6.20.160/32",
                "egress_only_gateway_id": "",
                "gateway_id": "igw-098d87f0d5fd9ac09",
                "instance_id": "",
                "ipv6_cidr_block": "",
                "local_gateway_id": "",
                "nat_gateway_id": "",
                "network_interface_id": "",
                "transit_gateway_id": "",
                "vpc_peering_connection_id": ""
              }
            ],
            "tags": {
              "Name": "dev-public-rt"
            },
            "vpc_id": "vpc-0c099cd6e25f8a9bd"
          },
          "private": "bnVsbA==",
          "dependencies": [
            "module.vpc.aws_internet_gateway.dev-igw",
            "module.vpc.aws_vpc.dev-vpc"
          ]
        }
      ]
    },
    {
      "module": "module.vpc",
      "mode": "managed",
      "type": "aws_route_table_association",
      "name": "dev-crta-private-subnet",
      "provider": "module.vpc.provider[\"registry.terraform.io/hashicorp/aws\"]",
      "instances": [
        {
          "index_key": 0,
          "schema_version": 0,
          "attributes": {
            "gateway_id": null,
            "id": "rtbassoc-059dc6d70df612aa8",
            "route_table_id": "rtb-010ef3c0528bcd55b",
            "subnet_id": "subnet-0b0b1b38838091ec5"
          },
          "private": "bnVsbA==",
          "dependencies": [
            "module.vpc.aws_route_table.dev-private-crt",
            "module.vpc.aws_subnet.dev-subnet-private",
            "module.vpc.aws_vpc.dev-vpc"
          ]
        },
        {
          "index_key": 1,
          "schema_version": 0,
          "attributes": {
            "gateway_id": null,
            "id": "rtbassoc-04c048273637ae69b",
            "route_table_id": "rtb-010ef3c0528bcd55b",
            "subnet_id": "subnet-03c6636f1afec0bc4"
          },
          "private": "bnVsbA==",
          "dependencies": [
            "module.vpc.aws_route_table.dev-private-crt",
            "module.vpc.aws_subnet.dev-subnet-private",
            "module.vpc.aws_vpc.dev-vpc"
          ]
        }
      ]
    },
    {
      "module": "module.vpc",
      "mode": "managed",
      "type": "aws_route_table_association",
      "name": "dev-crta-public-subnet",
      "provider": "module.vpc.provider[\"registry.terraform.io/hashicorp/aws\"]",
      "instances": [
        {
          "index_key": 0,
          "schema_version": 0,
          "attributes": {
            "gateway_id": null,
            "id": "rtbassoc-04525338c0da10d9d",
            "route_table_id": "rtb-01cff67b5a111d566",
            "subnet_id": "subnet-0c2a7897e3ed281e0"
          },
          "private": "bnVsbA==",
          "dependencies": [
            "module.vpc.aws_internet_gateway.dev-igw",
            "module.vpc.aws_route_table.dev-public-crt",
            "module.vpc.aws_subnet.dev-subnet-public",
            "module.vpc.aws_vpc.dev-vpc"
          ]
        },
        {
          "index_key": 1,
          "schema_version": 0,
          "attributes": {
            "gateway_id": null,
            "id": "rtbassoc-0a30a27096141cf96",
            "route_table_id": "rtb-01cff67b5a111d566",
            "subnet_id": "subnet-0a478eeda13361acf"
          },
          "private": "bnVsbA==",
          "dependencies": [
            "module.vpc.aws_internet_gateway.dev-igw",
            "module.vpc.aws_route_table.dev-public-crt",
            "module.vpc.aws_subnet.dev-subnet-public",
            "module.vpc.aws_vpc.dev-vpc"
          ]
        }
      ]
    },
    {
      "module": "module.vpc",
      "mode": "managed",
      "type": "aws_subnet",
      "name": "dev-subnet-private",
      "provider": "module.vpc.provider[\"registry.terraform.io/hashicorp/aws\"]",
      "instances": [
        {
          "index_key": 0,
          "schema_version": 1,
          "attributes": {
            "arn": "arn:aws:ec2:eu-west-2:538215634837:subnet/subnet-0b0b1b38838091ec5",
            "assign_ipv6_address_on_creation": false,
            "availability_zone": "eu-west-2a",
            "availability_zone_id": "euw2-az2",
            "cidr_block": "10.132.2.0/26",
            "id": "subnet-0b0b1b38838091ec5",
            "ipv6_cidr_block": "",
            "ipv6_cidr_block_association_id": "",
            "map_public_ip_on_launch": false,
            "outpost_arn": "",
            "owner_id": "538215634837",
            "tags": {
              "Name": "dev-subnet-private-1"
            },
            "timeouts": null,
            "vpc_id": "vpc-0c099cd6e25f8a9bd"
          },
          "private": "eyJlMmJmYjczMC1lY2FhLTExZTYtOGY4OC0zNDM2M2JjN2M0YzAiOnsiY3JlYXRlIjo2MDAwMDAwMDAwMDAsImRlbGV0ZSI6MTIwMDAwMDAwMDAwMH0sInNjaGVtYV92ZXJzaW9uIjoiMSJ9",
          "dependencies": [
            "module.vpc.aws_vpc.dev-vpc"
          ]
        },
        {
          "index_key": 1,
          "schema_version": 1,
          "attributes": {
            "arn": "arn:aws:ec2:eu-west-2:538215634837:subnet/subnet-03c6636f1afec0bc4",
            "assign_ipv6_address_on_creation": false,
            "availability_zone": "eu-west-2b",
            "availability_zone_id": "euw2-az3",
            "cidr_block": "10.132.2.64/26",
            "id": "subnet-03c6636f1afec0bc4",
            "ipv6_cidr_block": "",
            "ipv6_cidr_block_association_id": "",
            "map_public_ip_on_launch": false,
            "outpost_arn": "",
            "owner_id": "538215634837",
            "tags": {
              "Name": "dev-subnet-private-2"
            },
            "timeouts": null,
            "vpc_id": "vpc-0c099cd6e25f8a9bd"
          },
          "private": "eyJlMmJmYjczMC1lY2FhLTExZTYtOGY4OC0zNDM2M2JjN2M0YzAiOnsiY3JlYXRlIjo2MDAwMDAwMDAwMDAsImRlbGV0ZSI6MTIwMDAwMDAwMDAwMH0sInNjaGVtYV92ZXJzaW9uIjoiMSJ9",
          "dependencies": [
            "module.vpc.aws_vpc.dev-vpc"
          ]
        }
      ]
    },
    {
      "module": "module.vpc",
      "mode": "managed",
      "type": "aws_subnet",
      "name": "dev-subnet-public",
      "provider": "module.vpc.provider[\"registry.terraform.io/hashicorp/aws\"]",
      "instances": [
        {
          "index_key": 0,
          "schema_version": 1,
          "attributes": {
            "arn": "arn:aws:ec2:eu-west-2:538215634837:subnet/subnet-0c2a7897e3ed281e0",
            "assign_ipv6_address_on_creation": false,
            "availability_zone": "eu-west-2a",
            "availability_zone_id": "euw2-az2",
            "cidr_block": "10.132.1.0/26",
            "id": "subnet-0c2a7897e3ed281e0",
            "ipv6_cidr_block": "",
            "ipv6_cidr_block_association_id": "",
            "map_public_ip_on_launch": true,
            "outpost_arn": "",
            "owner_id": "538215634837",
            "tags": {
              "Name": "dev-subnet-public-1"
            },
            "timeouts": null,
            "vpc_id": "vpc-0c099cd6e25f8a9bd"
          },
          "private": "eyJlMmJmYjczMC1lY2FhLTExZTYtOGY4OC0zNDM2M2JjN2M0YzAiOnsiY3JlYXRlIjo2MDAwMDAwMDAwMDAsImRlbGV0ZSI6MTIwMDAwMDAwMDAwMH0sInNjaGVtYV92ZXJzaW9uIjoiMSJ9",
          "dependencies": [
            "module.vpc.aws_vpc.dev-vpc"
          ]
        },
        {
          "index_key": 1,
          "schema_version": 1,
          "attributes": {
            "arn": "arn:aws:ec2:eu-west-2:538215634837:subnet/subnet-0a478eeda13361acf",
            "assign_ipv6_address_on_creation": false,
            "availability_zone": "eu-west-2b",
            "availability_zone_id": "euw2-az3",
            "cidr_block": "10.132.1.64/26",
            "id": "subnet-0a478eeda13361acf",
            "ipv6_cidr_block": "",
            "ipv6_cidr_block_association_id": "",
            "map_public_ip_on_launch": true,
            "outpost_arn": "",
            "owner_id": "538215634837",
            "tags": {
              "Name": "dev-subnet-public-2"
            },
            "timeouts": null,
            "vpc_id": "vpc-0c099cd6e25f8a9bd"
          },
          "private": "eyJlMmJmYjczMC1lY2FhLTExZTYtOGY4OC0zNDM2M2JjN2M0YzAiOnsiY3JlYXRlIjo2MDAwMDAwMDAwMDAsImRlbGV0ZSI6MTIwMDAwMDAwMDAwMH0sInNjaGVtYV92ZXJzaW9uIjoiMSJ9",
          "dependencies": [
            "module.vpc.aws_vpc.dev-vpc"
          ]
        }
      ]
    },
    {
      "module": "module.vpc",
      "mode": "managed",
      "type": "aws_vpc",
      "name": "dev-vpc",
      "provider": "module.vpc.provider[\"registry.terraform.io/hashicorp/aws\"]",
      "instances": [
        {
          "schema_version": 1,
          "attributes": {
            "arn": "arn:aws:ec2:eu-west-2:538215634837:vpc/vpc-0c099cd6e25f8a9bd",
            "assign_generated_ipv6_cidr_block": false,
            "cidr_block": "10.132.0.0/21",
            "default_network_acl_id": "acl-0c788e4c560c94196",
            "default_route_table_id": "rtb-0ddf5f3ed2a8bf092",
            "default_security_group_id": "sg-085681381d862ad74",
            "dhcp_options_id": "dopt-c390b9ab",
            "enable_classiclink": null,
            "enable_classiclink_dns_support": null,
            "enable_dns_hostnames": true,
            "enable_dns_support": true,
            "id": "vpc-0c099cd6e25f8a9bd",
            "instance_tenancy": "default",
            "ipv6_association_id": "",
            "ipv6_cidr_block": "",
            "main_route_table_id": "rtb-0ddf5f3ed2a8bf092",
            "owner_id": "538215634837",
            "tags": {
              "Name": "dev-vpc"
            }
          },
          "private": "eyJzY2hlbWFfdmVyc2lvbiI6IjEifQ=="
        }
      ]
    }
  ]
}
