{
  "version": 4,
  "terraform_version": "0.13.5",
  "serial": 10,
  "lineage": "6bea997b-23fd-d502-52eb-13dc1fc95382",
  "outputs": {
    "bucket_arn": {
      "value": "arn:aws:s3:::538215634837-testbucket",
      "type": "string"
    },
    "bucket_id": {
      "value": "538215634837-testbucket",
      "type": "string"
    }
  },
  "resources": [
    {
      "mode": "data",
      "type": "aws_caller_identity",
      "name": "current",
      "provider": "provider[\"registry.terraform.io/hashicorp/aws\"]",
      "instances": [
        {
          "schema_version": 0,
          "attributes": {
            "account_id": "538215634837",
            "arn": "arn:aws:sts::538215634837:assumed-role/AWSReservedSSO_QQSandboxPowerUser_01a9e907302c2d49/ajglancy",
            "id": "2020-10-26 09:54:05.39693 +0000 UTC",
            "user_id": "AROAX2UBG26KQ7HN5CTJM:ajglancy"
          }
        }
      ]
    },
    {
      "mode": "managed",
      "type": "aws_kms_key",
      "name": "mykey",
      "provider": "provider[\"registry.terraform.io/hashicorp/aws\"]",
      "instances": [
        {
          "schema_version": 0,
          "attributes": {
            "arn": "arn:aws:kms:eu-west-2:538215634837:key/53e74be5-0bb4-45ba-8e23-06bd5cb4f16e",
            "customer_master_key_spec": "SYMMETRIC_DEFAULT",
            "deletion_window_in_days": 10,
            "description": "This key is used to encrypt bucket objects",
            "enable_key_rotation": false,
            "id": "53e74be5-0bb4-45ba-8e23-06bd5cb4f16e",
            "is_enabled": true,
            "key_id": "53e74be5-0bb4-45ba-8e23-06bd5cb4f16e",
            "key_usage": "ENCRYPT_DECRYPT",
            "policy": "{\"Id\":\"key-default-1\",\"Statement\":[{\"Action\":\"kms:*\",\"Effect\":\"Allow\",\"Principal\":{\"AWS\":\"arn:aws:iam::538215634837:root\"},\"Resource\":\"*\",\"Sid\":\"Enable IAM User Permissions\"}],\"Version\":\"2012-10-17\"}",
            "tags": null
          },
          "private": "bnVsbA=="
        }
      ]
    },
    {
      "mode": "managed",
      "type": "aws_s3_bucket",
      "name": "test_bucket",
      "provider": "provider[\"registry.terraform.io/hashicorp/aws\"]",
      "instances": [
        {
          "schema_version": 0,
          "attributes": {
            "acceleration_status": "",
            "acl": "private",
            "arn": "arn:aws:s3:::538215634837-testbucket",
            "bucket": "538215634837-testbucket",
            "bucket_domain_name": "538215634837-testbucket.s3.amazonaws.com",
            "bucket_prefix": null,
            "bucket_regional_domain_name": "538215634837-testbucket.s3.eu-west-2.amazonaws.com",
            "cors_rule": [],
            "force_destroy": false,
            "grant": [],
            "hosted_zone_id": "Z3GKZC51ZF0DB4",
            "id": "538215634837-testbucket",
            "lifecycle_rule": [],
            "logging": [],
            "object_lock_configuration": [],
            "policy": null,
            "region": "eu-west-2",
            "replication_configuration": [],
            "request_payer": "BucketOwner",
            "server_side_encryption_configuration": [
              {
                "rule": [
                  {
                    "apply_server_side_encryption_by_default": [
                      {
                        "kms_master_key_id": "arn:aws:kms:eu-west-2:538215634837:key/53e74be5-0bb4-45ba-8e23-06bd5cb4f16e",
                        "sse_algorithm": "aws:kms"
                      }
                    ]
                  }
                ]
              }
            ],
            "tags": null,
            "versioning": [
              {
                "enabled": true,
                "mfa_delete": false
              }
            ],
            "website": [],
            "website_domain": null,
            "website_endpoint": null
          },
          "private": "bnVsbA==",
          "dependencies": [
            "aws_kms_key.mykey",
            "data.aws_caller_identity.current"
          ]
        }
      ]
    }
  ]
}
